Microsoft Visual Studio Solution File, Format Version 12.00
# Visual Studio Version 17
VisualStudioVersion = 17.5.2.0
MinimumVisualStudioVersion = 10.0.40219.1
Project("{FAE04EC0-301F-11D3-BF4B-00C04F79EFBC}") = "cs_cli.prj", "cs_cli.prj.csproj", "{25B6B379-9990-4C0A-2A39-428ADD3F8571}"
EndProject
Global
	GlobalSection(SolutionConfigurationPlatforms) = preSolution
		Debug|Any CPU = Debug|Any CPU
		Release|Any CPU = Release|Any CPU
	EndGlobalSection
	GlobalSection(ProjectConfigurationPlatforms) = postSolution
		{25B6B379-9990-4C0A-2A39-428ADD3F8571}.Debug|Any CPU.ActiveCfg = Debug|Any CPU
		{25B6B379-9990-4C0A-2A39-428ADD3F8571}.Debug|Any CPU.Build.0 = Debug|Any CPU
		{25B6B379-9990-4C0A-2A39-428ADD3F8571}.Release|Any CPU.ActiveCfg = Release|Any CPU
		{25B6B379-9990-4C0A-2A39-428ADD3F8571}.Release|Any CPU.Build.0 = Release|Any CPU
	EndGlobalSection
	GlobalSection(SolutionProperties) = preSolution
		HideSolutionNode = FALSE
	EndGlobalSection
	GlobalSection(ExtensibilityGlobals) = postSolution
		SolutionGuid = {59011C1E-E70F-4C12-868E-3AE6D3CDEB98}
	EndGlobalSection
EndGlobal
